<?xml version="1.0" encoding="utf-8"?>
<Project ToolsVersion="4.0" xmlns="http://schemas.microsoft.com/developer/msbuild/2003">
  <ItemGroup>
    <Filter Include="Source Files">
      <UniqueIdentifier>{4FC737F1-C7A5-4376-A066-2A32D752A2FF}</UniqueIdentifier>
      <Extensions>cpp;c;cc;cxx;def;odl;idl;hpj;bat;asm;asmx</Extensions>
    </Filter>
    <Filter Include="Header Files">
      <UniqueIdentifier>{93995380-89BD-4b04-88EB-625FBE52EBFB}</UniqueIdentifier>
      <Extensions>h;hh;hpp;hxx;hm;inl;inc;xsd</Extensions>
    </Filter>
    <Filter Include="Header Files\DX">
      <UniqueIdentifier>{150316e7-5c80-4669-9a91-a5f6ce1c982b}</UniqueIdentifier>
    </Filter>
    <Filter Include="Source Files\DX">
      <UniqueIdentifier>{453994a9-984c-43a8-85e1-cfc002765940}</UniqueIdentifier>
    </Filter>
    <Filter Include="Source Files\CGame">
      <UniqueIdentifier>{3e938b30-5f78-4ac2-912f-aafe58dd8758}</UniqueIdentifier>
    </Filter>
    <Filter Include="Content">
      <UniqueIdentifier>{c1702b8d-9496-4e45-a66e-285bbfbf3c20}</UniqueIdentifier>
    </Filter>
    <Filter Include="Content\Luigi">
      <UniqueIdentifier>{5e51a1f2-9598-44ca-9e93-1bfe24235a65}</UniqueIdentifier>
    </Filter>
    <Filter Include="Header Files\CLuigi">
      <UniqueIdentifier>{5df48786-6c9a-456d-876f-e0685e47d2cd}</UniqueIdentifier>
    </Filter>
    <Filter Include="Source Files\CLuigi">
      <UniqueIdentifier>{7ab53ec1-d2b4-4ea4-af94-eda6d147ea0e}</UniqueIdentifier>
    </Filter>
    <Filter Include="XmlParser">
      <UniqueIdentifier>{9692b333-6226-4546-a869-84a53fb28285}</UniqueIdentifier>
    </Filter>
    <Filter Include="Header Files\Collision">
      <UniqueIdentifier>{e3572f72-532e-45fa-9ce9-e63a6333b17e}</UniqueIdentifier>
    </Filter>
    <Filter Include="Source Files\Collision">
      <UniqueIdentifier>{9badb737-99d0-4284-8ab5-ca777b6ee002}</UniqueIdentifier>
    </Filter>
    <Filter Include="Content\Map">
      <UniqueIdentifier>{9d639252-5479-4040-871c-57ddd97afe2d}</UniqueIdentifier>
    </Filter>
    <Filter Include="Content\Sound">
      <UniqueIdentifier>{b31a97c5-2387-4b43-b567-4e208494ebec}</UniqueIdentifier>
    </Filter>
    <Filter Include="Header Files\Enemies">
      <UniqueIdentifier>{42309a0b-e22b-4dcd-b940-99859c38bd58}</UniqueIdentifier>
    </Filter>
    <Filter Include="Source Files\Enemies">
      <UniqueIdentifier>{1729b24d-e522-4626-b0ce-6aa07597362d}</UniqueIdentifier>
    </Filter>
    <Filter Include="Content\Enemies">
      <UniqueIdentifier>{24985232-d86e-4243-8130-bd47be788b67}</UniqueIdentifier>
    </Filter>
    <Filter Include="Header Files\Scene">
      <UniqueIdentifier>{b1d0fe1d-e31b-42ab-ae0d-c5674798db86}</UniqueIdentifier>
    </Filter>
    <Filter Include="Source Files\CScene">
      <UniqueIdentifier>{905cd1be-81eb-44e0-95aa-641a6eeef417}</UniqueIdentifier>
    </Filter>
    <Filter Include="Content\Scene">
      <UniqueIdentifier>{9105478e-8940-423a-80ee-48d356793683}</UniqueIdentifier>
    </Filter>
  </ItemGroup>
  <ItemGroup>
    <ClInclude Include="GameConfig.h">
      <Filter>Header Files</Filter>
    </ClInclude>
    <ClInclude Include="Singleton.h">
      <Filter>Header Files</Filter>
    </ClInclude>
    <ClInclude Include="CGraphics.h">
      <Filter>Header Files</Filter>
    </ClInclude>
    <ClInclude Include="CSprite.h">
      <Filter>Header Files</Filter>
    </ClInclude>
    <ClInclude Include="CGame.h">
      <Filter>Header Files</Filter>
    </ClInclude>
    <ClInclude Include="DX\CDXInput.h">
      <Filter>Header Files\DX</Filter>
    </ClInclude>
    <ClInclude Include="CMap.h">
      <Filter>Header Files</Filter>
    </ClInclude>
    <ClInclude Include="CLuigi\CLuigi.h">
      <Filter>Header Files\CLuigi</Filter>
    </ClInclude>
    <ClInclude Include="CLuigi\LuigiConstant.h">
      <Filter>Header Files\CLuigi</Filter>
    </ClInclude>
    <ClInclude Include="Camera.h">
      <Filter>Header Files</Filter>
    </ClInclude>
    <ClInclude Include="GameObject.h">
      <Filter>Header Files</Filter>
    </ClInclude>
    <ClInclude Include="QuadTree.h">
      <Filter>Header Files</Filter>
    </ClInclude>
    <ClInclude Include="BoudingBox.h">
      <Filter>Header Files</Filter>
    </ClInclude>
    <ClInclude Include="CObject.h">
      <Filter>Header Files</Filter>
    </ClInclude>
    <ClInclude Include="xmlparser\tinyxml2.h">
      <Filter>XmlParser</Filter>
    </ClInclude>
    <ClInclude Include="Collision\Collision.h">
      <Filter>Header Files\Collision</Filter>
    </ClInclude>
    <ClInclude Include="CLuigi\CLuigiBullet.h">
      <Filter>Header Files\CLuigi</Filter>
    </ClInclude>
    <ClInclude Include="CLuigi\CSPoint.h">
      <Filter>Header Files\CLuigi</Filter>
    </ClInclude>
    <ClInclude Include="DX\CWaveFile.h">
      <Filter>Header Files\DX</Filter>
    </ClInclude>
    <ClInclude Include="DX\CSound.h">
      <Filter>Header Files\DX</Filter>
    </ClInclude>
    <ClInclude Include="DX\CStreamingSound.h">
      <Filter>Header Files\DX</Filter>
    </ClInclude>
    <ClInclude Include="DX\CSoundManager.h">
      <Filter>Header Files\DX</Filter>
    </ClInclude>
    <ClInclude Include="DX\dxaudio.h">
      <Filter>Header Files\DX</Filter>
    </ClInclude>
    <ClInclude Include="Enemies\CEnemiesManager.h">
      <Filter>Header Files\Enemies</Filter>
    </ClInclude>
    <ClInclude Include="Enemies\CEnemy.h">
      <Filter>Header Files\Enemies</Filter>
    </ClInclude>
    <ClInclude Include="Enemies\CEnemy0.h">
      <Filter>Header Files\Enemies</Filter>
    </ClInclude>
    <ClInclude Include="Enemies\CSEPoint.h">
      <Filter>Header Files\Enemies</Filter>
    </ClInclude>
    <ClInclude Include="Scene\CScene.h">
      <Filter>Header Files\Scene</Filter>
    </ClInclude>
    <ClInclude Include="Scene\CGameplay.h">
      <Filter>Header Files\Scene</Filter>
    </ClInclude>
    <ClInclude Include="Scene\CMainMenu.h">
      <Filter>Header Files\Scene</Filter>
    </ClInclude>
    <ClInclude Include="Scene\CMainMenuButton.h">
      <Filter>Header Files\Scene</Filter>
    </ClInclude>
    <ClInclude Include="Enemies\CEnemy1.h">
      <Filter>Header Files\Enemies</Filter>
    </ClInclude>
    <ClInclude Include="Scene\CGameplayPanel.h">
      <Filter>Header Files\Scene</Filter>
    </ClInclude>
    <ClInclude Include="Scene\CScore.h">
      <Filter>Header Files\Scene</Filter>
    </ClInclude>
    <ClInclude Include="Scene\CScoreManager.h">
      <Filter>Header Files\Scene</Filter>
    </ClInclude>
  </ItemGroup>
  <ItemGroup>
    <ClCompile Include="WinMain.cpp">
      <Filter>Source Files</Filter>
    </ClCompile>
    <ClCompile Include="CGraphics.cpp">
      <Filter>Source Files</Filter>
    </ClCompile>
    <ClCompile Include="DX\CDXInput.cpp">
      <Filter>Source Files\DX</Filter>
    </ClCompile>
    <ClCompile Include="CGame\CGame.cpp">
      <Filter>Source Files\CGame</Filter>
    </ClCompile>
    <ClCompile Include="CMap.cpp">
      <Filter>Source Files</Filter>
    </ClCompile>
    <ClCompile Include="CLuigi\CLuigi.cpp">
      <Filter>Source Files\CLuigi</Filter>
    </ClCompile>
    <ClCompile Include="CLuigi\CLuigi_Update.cpp">
      <Filter>Source Files\CLuigi</Filter>
    </ClCompile>
    <ClCompile Include="CLuigi\CLuigi_Render.cpp">
      <Filter>Source Files\CLuigi</Filter>
    </ClCompile>
    <ClCompile Include="Camera.cpp">
      <Filter>Source Files</Filter>
    </ClCompile>
    <ClCompile Include="GameObject.cpp">
      <Filter>Source Files</Filter>
    </ClCompile>
    <ClCompile Include="QuadTree.cpp">
      <Filter>Source Files</Filter>
    </ClCompile>
    <ClCompile Include="CObject.cpp">
      <Filter>Source Files</Filter>
    </ClCompile>
    <ClCompile Include="xmlparser\tinyxml2.cpp">
      <Filter>XmlParser</Filter>
    </ClCompile>
    <ClCompile Include="Collision\Collision.cpp">
      <Filter>Source Files\Collision</Filter>
    </ClCompile>
    <ClCompile Include="CLuigi\CLuigiBullet.cpp">
      <Filter>Source Files\CLuigi</Filter>
    </ClCompile>
    <ClCompile Include="CLuigi\CSPoint.cpp">
      <Filter>Source Files\CLuigi</Filter>
    </ClCompile>
    <ClCompile Include="DX\CWaveFile.cpp">
      <Filter>Source Files\DX</Filter>
    </ClCompile>
    <ClCompile Include="DX\CSound.cpp">
      <Filter>Source Files\DX</Filter>
    </ClCompile>
    <ClCompile Include="DX\CStreamingSound.cpp">
      <Filter>Source Files\DX</Filter>
    </ClCompile>
    <ClCompile Include="DX\CSoundManager.cpp">
      <Filter>Source Files\DX</Filter>
    </ClCompile>
    <ClCompile Include="DX\dxaudio.cpp">
      <Filter>Source Files\DX</Filter>
    </ClCompile>
    <ClCompile Include="Enemies\CEnemiesManager.cpp">
      <Filter>Source Files\Enemies</Filter>
    </ClCompile>
    <ClCompile Include="Enemies\CEnemy0.cpp">
      <Filter>Source Files\Enemies</Filter>
    </ClCompile>
    <ClCompile Include="Enemies\CEnemy.cpp">
      <Filter>Source Files\Enemies</Filter>
    </ClCompile>
    <ClCompile Include="Enemies\CSEPoint.cpp">
      <Filter>Source Files\Enemies</Filter>
    </ClCompile>
    <ClCompile Include="Scene\CGameplay.cpp">
      <Filter>Source Files\CScene</Filter>
    </ClCompile>
    <ClCompile Include="Scene\CMainMenu.cpp">
      <Filter>Source Files\CScene</Filter>
    </ClCompile>
    <ClCompile Include="Scene\CMainMenuButton.cpp">
      <Filter>Source Files\CScene</Filter>
    </ClCompile>
    <ClCompile Include="Enemies\CEnemy1.cpp">
      <Filter>Source Files\Enemies</Filter>
    </ClCompile>
    <ClCompile Include="Scene\CGameplayPanel.cpp">
      <Filter>Source Files\CScene</Filter>
    </ClCompile>
    <ClCompile Include="Scene\CScore.cpp">
      <Filter>Source Files\CScene</Filter>
    </ClCompile>
    <ClCompile Include="Scene\CScoreManager.cpp">
      <Filter>Source Files\CScene</Filter>
    </ClCompile>
  </ItemGroup>
  <ItemGroup>
    <Text Include="temp.txt">
      <Filter>Source Files</Filter>
    </Text>
    <Text Include="Content\Map\map1-1.txt">
      <Filter>Content\Map</Filter>
    </Text>
    <Text Include="Content\Map\object-1.txt">
      <Filter>Content\Map</Filter>
    </Text>
    <Text Include="Content\Map\quadtree-1.txt">
      <Filter>Content\Map</Filter>
    </Text>
    <Text Include="Content\Map\e-1.txt">
      <Filter>Content\Map</Filter>
    </Text>
    <Text Include="Content\Scene\Number.txt">
      <Filter>Content\Scene</Filter>
    </Text>
  </ItemGroup>
  <ItemGroup>
    <Image Include="Content\Luigi\Luigi.png">
      <Filter>Content\Luigi</Filter>
    </Image>
    <Image Include="Content\Luigi\LuigiCloth.png">
      <Filter>Content\Luigi</Filter>
    </Image>
    <Image Include="Content\Map\tileset.bmp">
      <Filter>Content\Map</Filter>
    </Image>
    <Image Include="Content\Map\tileset1.png">
      <Filter>Content\Map</Filter>
    </Image>
    <Image Include="Content\Luigi\SPoint.png">
      <Filter>Content\Luigi</Filter>
    </Image>
    <Image Include="Content\Enemies\Enemy0.png">
      <Filter>Content\Enemies</Filter>
    </Image>
    <Image Include="Content\Enemies\Star.png">
      <Filter>Content\Enemies</Filter>
    </Image>
    <Image Include="Content\Scene\ExitButton.png">
      <Filter>Content\Scene</Filter>
    </Image>
    <Image Include="Content\Scene\Gameplay.png">
      <Filter>Content\Scene</Filter>
    </Image>
    <Image Include="Content\Scene\MainMenu.png">
      <Filter>Content\Scene</Filter>
    </Image>
    <Image Include="Content\Scene\Number0.png">
      <Filter>Content\Scene</Filter>
    </Image>
    <Image Include="Content\Scene\Number2.png">
      <Filter>Content\Scene</Filter>
    </Image>
    <Image Include="Content\Scene\PlayButton.png">
      <Filter>Content\Scene</Filter>
    </Image>
  </ItemGroup>
  <ItemGroup>
    <None Include="Content\Luigi\E0.fx">
      <Filter>Content\Luigi</Filter>
    </None>
  </ItemGroup>
  <ItemGroup>
    <Media Include="Content\Sound\Fire.wav">
      <Filter>Content\Sound</Filter>
    </Media>
    <Media Include="Content\Sound\Jump.wav">
      <Filter>Content\Sound</Filter>
    </Media>
    <Media Include="Content\Sound\GrowUpToBig.wav">
      <Filter>Content\Sound</Filter>
    </Media>
    <Media Include="Content\Sound\GrowUpToFire.wav">
      <Filter>Content\Sound</Filter>
    </Media>
    <Media Include="Content\Sound\Die.wav">
      <Filter>Content\Sound</Filter>
    </Media>
    <Media Include="Content\Scene\Pause.wav">
      <Filter>Content\Scene</Filter>
    </Media>
  </ItemGroup>
</Project>